
Microsoft Visual Studio Solution File, Format Version 12.00
# Visual Studio Version 16
VisualStudioVersion = 16.0.29001.49
MinimumVisualStudioVersion = 10.0.40219.1
Project("{FAE04EC0-301F-11D3-BF4B-00C04F79EFBC}") = "View", "View\View.csproj", "{96E1A950-D0E6-4035-97CD-2B895908B5AF}"
EndProject
Project("{FAE04EC0-301F-11D3-BF4B-00C04F79EFBC}") = "Model", "Model\Model.csproj", "{CE391FED-D748-45AA-A731-6B67CB815193}"
EndProject
Project("{FAE04EC0-301F-11D3-BF4B-00C04F79EFBC}") = "ViewModel", "ViewModel\ViewModel.csproj", "{C88263DE-378E-451F-B881-DFE2181F67A4}"
EndProject
Project("{FAE04EC0-301F-11D3-BF4B-00C04F79EFBC}") = "Test", "Test\Test.csproj", "{68A86409-AB2F-4394-9FFB-968E9E4C741C}"
EndProject
Global
	GlobalSection(SolutionConfigurationPlatforms) = preSolution
		Debug|Any CPU = Debug|Any CPU
		Release|Any CPU = Release|Any CPU
	EndGlobalSection
	GlobalSection(ProjectConfigurationPlatforms) = postSolution
		{96E1A950-D0E6-4035-97CD-2B895908B5AF}.Debug|Any CPU.ActiveCfg = Debug|Any CPU
		{96E1A950-D0E6-4035-97CD-2B895908B5AF}.Debug|Any CPU.Build.0 = Debug|Any CPU
		{96E1A950-D0E6-4035-97CD-2B895908B5AF}.Release|Any CPU.ActiveCfg = Release|Any CPU
		{96E1A950-D0E6-4035-97CD-2B895908B5AF}.Release|Any CPU.Build.0 = Release|Any CPU
		{CE391FED-D748-45AA-A731-6B67CB815193}.Debug|Any CPU.ActiveCfg = Debug|Any CPU
		{CE391FED-D748-45AA-A731-6B67CB815193}.Debug|Any CPU.Build.0 = Debug|Any CPU
		{CE391FED-D748-45AA-A731-6B67CB815193}.Release|Any CPU.ActiveCfg = Release|Any CPU
		{CE391FED-D748-45AA-A731-6B67CB815193}.Release|Any CPU.Build.0 = Release|Any CPU
		{C88263DE-378E-451F-B881-DFE2181F67A4}.Debug|Any CPU.ActiveCfg = Debug|Any CPU
		{C88263DE-378E-451F-B881-DFE2181F67A4}.Debug|Any CPU.Build.0 = Debug|Any CPU
		{C88263DE-378E-451F-B881-DFE2181F67A4}.Release|Any CPU.ActiveCfg = Release|Any CPU
		{C88263DE-378E-451F-B881-DFE2181F67A4}.Release|Any CPU.Build.0 = Release|Any CPU
		{68A86409-AB2F-4394-9FFB-968E9E4C741C}.Debug|Any CPU.ActiveCfg = Debug|Any CPU
		{68A86409-AB2F-4394-9FFB-968E9E4C741C}.Debug|Any CPU.Build.0 = Debug|Any CPU
		{68A86409-AB2F-4394-9FFB-968E9E4C741C}.Release|Any CPU.ActiveCfg = Release|Any CPU
		{68A86409-AB2F-4394-9FFB-968E9E4C741C}.Release|Any CPU.Build.0 = Release|Any CPU
	EndGlobalSection
	GlobalSection(SolutionProperties) = preSolution
		HideSolutionNode = FALSE
	EndGlobalSection
	GlobalSection(ExtensibilityGlobals) = postSolution
		SolutionGuid = {BC2CAD6B-E4EE-48CF-BA1A-E09AA9350101}
	EndGlobalSection
EndGlobal
